
Microsoft Visual Studio Solution File, Format Version 12.00
# Visual Studio Version 16
VisualStudioVersion = 16.0.29609.76
MinimumVisualStudioVersion = 10.0.40219.1
Project("{FAE04EC0-301F-11D3-BF4B-00C04F79EFBC}") = "mocku-api", "mocku-api.csproj", "{DF9BD44A-A882-40AB-B4BF-A06F3C8A21B0}"
EndProject
Global
	GlobalSection(SolutionConfigurationPlatforms) = preSolution
		Debug|Any CPU = Debug|Any CPU
		Release|Any CPU = Release|Any CPU
	EndGlobalSection
	GlobalSection(ProjectConfigurationPlatforms) = postSolution
		{DF9BD44A-A882-40AB-B4BF-A06F3C8A21B0}.Debug|Any CPU.ActiveCfg = Debug|Any CPU
		{DF9BD44A-A882-40AB-B4BF-A06F3C8A21B0}.Debug|Any CPU.Build.0 = Debug|Any CPU
		{DF9BD44A-A882-40AB-B4BF-A06F3C8A21B0}.Release|Any CPU.ActiveCfg = Release|Any CPU
		{DF9BD44A-A882-40AB-B4BF-A06F3C8A21B0}.Release|Any CPU.Build.0 = Release|Any CPU
	EndGlobalSection
	GlobalSection(SolutionProperties) = preSolution
		HideSolutionNode = FALSE
	EndGlobalSection
	GlobalSection(ExtensibilityGlobals) = postSolution
		SolutionGuid = {5AE0F0F7-29C0-477F-B00B-7764C7871428}
	EndGlobalSection
EndGlobal
